{
  "name": "ab-regex",
  "version": "0.1.0-alpha",
  "lockfileVersion": 1,
  "requires": true,
  "dependencies": {
    "ab-parse": {
      "version": "git+https://github.com/alwinb/ab-parse.git#bc628def3784dd5de16cdf895df3892d6cd02de9",
      "from": "git+https://github.com/alwinb/ab-parse.git"
    }
  }
}
